// !$*UTF8*$!
{
	archiveVersion = 1;
	classes = {
	};
	objectVersion = 52;
	objects = {

/* Begin PBXBuildFile section */
		365806ED26C4525A00511DDB /* AuthorRepository.swift in Sources */ = {isa = PBXBuildFile; fileRef = 365806EC26C4525A00511DDB /* AuthorRepository.swift */; };
		365806EF26C452AE00511DDB /* Author.swift in Sources */ = {isa = PBXBuildFile; fileRef = 365806EE26C452AE00511DDB /* Author.swift */; };
		365806F126C452F400511DDB /* Book.swift in Sources */ = {isa = PBXBuildFile; fileRef = 365806F026C452F400511DDB /* Book.swift */; };
		365806F326C4544F00511DDB /* AuthorListViewModel.swift in Sources */ = {isa = PBXBuildFile; fileRef = 365806F226C4544F00511DDB /* AuthorListViewModel.swift */; };
		365806F526C454CB00511DDB /* AuthorViewModel.swift in Sources */ = {isa = PBXBuildFile; fileRef = 365806F426C454CB00511DDB /* AuthorViewModel.swift */; };
		3671854026B9A2DC009BAE47 /* GoogleService-Info.plist in Resources */ = {isa = PBXBuildFile; fileRef = 3671853F26B9A2DC009BAE47 /* GoogleService-Info.plist */; };
		367226B626C382920030712E /* DevCardDetailView.swift in Sources */ = {isa = PBXBuildFile; fileRef = 367226B526C382920030712E /* DevCardDetailView.swift */; };
		367226B826C383D40030712E /* CustomPickerView.swift in Sources */ = {isa = PBXBuildFile; fileRef = 367226B726C383D40030712E /* CustomPickerView.swift */; };
		367428D926B47A17007A451F /* InstaQuoClientApp.swift in Sources */ = {isa = PBXBuildFile; fileRef = 367428D826B47A17007A451F /* InstaQuoClientApp.swift */; };
		367428DB26B47A17007A451F /* ContentView.swift in Sources */ = {isa = PBXBuildFile; fileRef = 367428DA26B47A17007A451F /* ContentView.swift */; };
		367428DD26B47A1B007A451F /* Assets.xcassets in Resources */ = {isa = PBXBuildFile; fileRef = 367428DC26B47A1B007A451F /* Assets.xcassets */; };
		367428E026B47A1B007A451F /* Preview Assets.xcassets in Resources */ = {isa = PBXBuildFile; fileRef = 367428DF26B47A1B007A451F /* Preview Assets.xcassets */; };
		367428ED26B47F20007A451F /* CardDetailView.swift in Sources */ = {isa = PBXBuildFile; fileRef = 367428EC26B47F20007A451F /* CardDetailView.swift */; };
		367428F326B48AF5007A451F /* CardModel.swift in Sources */ = {isa = PBXBuildFile; fileRef = 367428F226B48AF5007A451F /* CardModel.swift */; };
		367428F526B4A261007A451F /* ModelData.swift in Sources */ = {isa = PBXBuildFile; fileRef = 367428F426B4A261007A451F /* ModelData.swift */; };
		367428FB26B4AA35007A451F /* atomic_habits.jpg in Resources */ = {isa = PBXBuildFile; fileRef = 367428F726B4AA35007A451F /* atomic_habits.jpg */; };
		367428FC26B4AA35007A451F /* far_away.jpg in Resources */ = {isa = PBXBuildFile; fileRef = 367428F826B4AA35007A451F /* far_away.jpg */; };
		367428FD26B4AA35007A451F /* data.json in Resources */ = {isa = PBXBuildFile; fileRef = 367428F926B4AA35007A451F /* data.json */; };
		367428FE26B4AA35007A451F /* why_we_sleep.jpg in Resources */ = {isa = PBXBuildFile; fileRef = 367428FA26B4AA35007A451F /* why_we_sleep.jpg */; };
		3674290026B4AC2D007A451F /* CardRowView.swift in Sources */ = {isa = PBXBuildFile; fileRef = 367428FF26B4AC2D007A451F /* CardRowView.swift */; };
		3674290226B4B87B007A451F /* CardListView.swift in Sources */ = {isa = PBXBuildFile; fileRef = 3674290126B4B87B007A451F /* CardListView.swift */; };
		36A6219B26B9A5D300B46F5C /* CardRepository.swift in Sources */ = {isa = PBXBuildFile; fileRef = 36A6219A26B9A5D300B46F5C /* CardRepository.swift */; };
		36B41CD326BAFC7B005C8684 /* ScanDocumentView.swift in Sources */ = {isa = PBXBuildFile; fileRef = 36B41CD226BAFC7B005C8684 /* ScanDocumentView.swift */; };
		36D7A98126B9D17F005D1AFA /* FirebaseFirestore in Frameworks */ = {isa = PBXBuildFile; productRef = 36D7A98026B9D17F005D1AFA /* FirebaseFirestore */; };
		36D7A98326B9D17F005D1AFA /* FirebaseFirestoreSwift-Beta in Frameworks */ = {isa = PBXBuildFile; productRef = 36D7A98226B9D17F005D1AFA /* FirebaseFirestoreSwift-Beta */; };
		36D7A98526B9EC9B005D1AFA /* CardListViewModel.swift in Sources */ = {isa = PBXBuildFile; fileRef = 36D7A98426B9EC9B005D1AFA /* CardListViewModel.swift */; };
		36D7A98726B9ED74005D1AFA /* CardViewModel.swift in Sources */ = {isa = PBXBuildFile; fileRef = 36D7A98626B9ED74005D1AFA /* CardViewModel.swift */; };
		36FBBB6926C2DF4800A0FAA9 /* pickers.swift in Sources */ = {isa = PBXBuildFile; fileRef = 36FBBB6826C2DF4800A0FAA9 /* pickers.swift */; };
/* End PBXBuildFile section */

/* Begin PBXFileReference section */
		365806EC26C4525A00511DDB /* AuthorRepository.swift */ = {isa = PBXFileReference; lastKnownFileType = sourcecode.swift; path = AuthorRepository.swift; sourceTree = "<group>"; };
		365806EE26C452AE00511DDB /* Author.swift */ = {isa = PBXFileReference; lastKnownFileType = sourcecode.swift; path = Author.swift; sourceTree = "<group>"; };
		365806F026C452F400511DDB /* Book.swift */ = {isa = PBXFileReference; lastKnownFileType = sourcecode.swift; path = Book.swift; sourceTree = "<group>"; };
		365806F226C4544F00511DDB /* AuthorListViewModel.swift */ = {isa = PBXFileReference; lastKnownFileType = sourcecode.swift; path = AuthorListViewModel.swift; sourceTree = "<group>"; };
		365806F426C454CB00511DDB /* AuthorViewModel.swift */ = {isa = PBXFileReference; lastKnownFileType = sourcecode.swift; path = AuthorViewModel.swift; sourceTree = "<group>"; };
		3671853F26B9A2DC009BAE47 /* GoogleService-Info.plist */ = {isa = PBXFileReference; fileEncoding = 4; lastKnownFileType = text.plist.xml; path = "GoogleService-Info.plist"; sourceTree = "<group>"; };
		367226B526C382920030712E /* DevCardDetailView.swift */ = {isa = PBXFileReference; lastKnownFileType = sourcecode.swift; path = DevCardDetailView.swift; sourceTree = "<group>"; };
		367226B726C383D40030712E /* CustomPickerView.swift */ = {isa = PBXFileReference; lastKnownFileType = sourcecode.swift; path = CustomPickerView.swift; sourceTree = "<group>"; };
		367428D526B47A17007A451F /* InstaQuoClient.app */ = {isa = PBXFileReference; explicitFileType = wrapper.application; includeInIndex = 0; path = InstaQuoClient.app; sourceTree = BUILT_PRODUCTS_DIR; };
		367428D826B47A17007A451F /* InstaQuoClientApp.swift */ = {isa = PBXFileReference; lastKnownFileType = sourcecode.swift; path = InstaQuoClientApp.swift; sourceTree = "<group>"; };
		367428DA26B47A17007A451F /* ContentView.swift */ = {isa = PBXFileReference; lastKnownFileType = sourcecode.swift; path = ContentView.swift; sourceTree = "<group>"; };
		367428DC26B47A1B007A451F /* Assets.xcassets */ = {isa = PBXFileReference; lastKnownFileType = folder.assetcatalog; path = Assets.xcassets; sourceTree = "<group>"; };
		367428DF26B47A1B007A451F /* Preview Assets.xcassets */ = {isa = PBXFileReference; lastKnownFileType = folder.assetcatalog; path = "Preview Assets.xcassets"; sourceTree = "<group>"; };
		367428E126B47A1B007A451F /* Info.plist */ = {isa = PBXFileReference; lastKnownFileType = text.plist.xml; path = Info.plist; sourceTree = "<group>"; };
		367428EC26B47F20007A451F /* CardDetailView.swift */ = {isa = PBXFileReference; lastKnownFileType = sourcecode.swift; path = CardDetailView.swift; sourceTree = "<group>"; };
		367428F226B48AF5007A451F /* CardModel.swift */ = {isa = PBXFileReference; lastKnownFileType = sourcecode.swift; path = CardModel.swift; sourceTree = "<group>"; };
		367428F426B4A261007A451F /* ModelData.swift */ = {isa = PBXFileReference; lastKnownFileType = sourcecode.swift; path = ModelData.swift; sourceTree = "<group>"; };
		367428F726B4AA35007A451F /* atomic_habits.jpg */ = {isa = PBXFileReference; lastKnownFileType = image.jpeg; name = atomic_habits.jpg; path = InstaQuoClient/Resources/atomic_habits.jpg; sourceTree = SOURCE_ROOT; };
		367428F826B4AA35007A451F /* far_away.jpg */ = {isa = PBXFileReference; lastKnownFileType = image.jpeg; name = far_away.jpg; path = InstaQuoClient/Resources/far_away.jpg; sourceTree = SOURCE_ROOT; };
		367428F926B4AA35007A451F /* data.json */ = {isa = PBXFileReference; fileEncoding = 4; lastKnownFileType = text.json; name = data.json; path = InstaQuoClient/Resources/data.json; sourceTree = SOURCE_ROOT; };
		367428FA26B4AA35007A451F /* why_we_sleep.jpg */ = {isa = PBXFileReference; lastKnownFileType = image.jpeg; name = why_we_sleep.jpg; path = InstaQuoClient/Resources/why_we_sleep.jpg; sourceTree = SOURCE_ROOT; };
		367428FF26B4AC2D007A451F /* CardRowView.swift */ = {isa = PBXFileReference; lastKnownFileType = sourcecode.swift; path = CardRowView.swift; sourceTree = "<group>"; };
		3674290126B4B87B007A451F /* CardListView.swift */ = {isa = PBXFileReference; lastKnownFileType = sourcecode.swift; path = CardListView.swift; sourceTree = "<group>"; };
		36A6219A26B9A5D300B46F5C /* CardRepository.swift */ = {isa = PBXFileReference; lastKnownFileType = sourcecode.swift; path = CardRepository.swift; sourceTree = "<group>"; };
		36B41CD226BAFC7B005C8684 /* ScanDocumentView.swift */ = {isa = PBXFileReference; lastKnownFileType = sourcecode.swift; path = ScanDocumentView.swift; sourceTree = "<group>"; };
		36D7A98426B9EC9B005D1AFA /* CardListViewModel.swift */ = {isa = PBXFileReference; lastKnownFileType = sourcecode.swift; path = CardListViewModel.swift; sourceTree = "<group>"; };
		36D7A98626B9ED74005D1AFA /* CardViewModel.swift */ = {isa = PBXFileReference; lastKnownFileType = sourcecode.swift; path = CardViewModel.swift; sourceTree = "<group>"; };
		36FBBB6826C2DF4800A0FAA9 /* pickers.swift */ = {isa = PBXFileReference; lastKnownFileType = sourcecode.swift; path = pickers.swift; sourceTree = "<group>"; };
/* End PBXFileReference section */

/* Begin PBXFrameworksBuildPhase section */
		367428D226B47A17007A451F /* Frameworks */ = {
			isa = PBXFrameworksBuildPhase;
			buildActionMask = 2147483647;
			files = (
				36D7A98126B9D17F005D1AFA /* FirebaseFirestore in Frameworks */,
				36D7A98326B9D17F005D1AFA /* FirebaseFirestoreSwift-Beta in Frameworks */,
			);
			runOnlyForDeploymentPostprocessing = 0;
		};
/* End PBXFrameworksBuildPhase section */

/* Begin PBXGroup section */
		366F066226B61BB400CE1F96 /* Controllers */ = {
			isa = PBXGroup;
			children = (
			);
			path = Controllers;
			sourceTree = "<group>";
		};
		367428CC26B47A17007A451F = {
			isa = PBXGroup;
			children = (
				367428D726B47A17007A451F /* InstaQuoClient */,
				367428D626B47A17007A451F /* Products */,
			);
			sourceTree = "<group>";
		};
		367428D626B47A17007A451F /* Products */ = {
			isa = PBXGroup;
			children = (
				367428D526B47A17007A451F /* InstaQuoClient.app */,
			);
			name = Products;
			sourceTree = "<group>";
		};
		367428D726B47A17007A451F /* InstaQuoClient */ = {
			isa = PBXGroup;
			children = (
				36A6219926B9A57C00B46F5C /* Repository */,
				366F066226B61BB400CE1F96 /* Controllers */,
				367428F626B4A3B1007A451F /* Resources */,
				367428E926B47E64007A451F /* ViewModels */,
				367428E826B47E4E007A451F /* Models */,
				367428E726B47E47007A451F /* Views */,
				367428D826B47A17007A451F /* InstaQuoClientApp.swift */,
				367428DA26B47A17007A451F /* ContentView.swift */,
				367428DC26B47A1B007A451F /* Assets.xcassets */,
				367428E126B47A1B007A451F /* Info.plist */,
				3671853F26B9A2DC009BAE47 /* GoogleService-Info.plist */,
				367428DE26B47A1B007A451F /* Preview Content */,
			);
			path = InstaQuoClient;
			sourceTree = "<group>";
		};
		367428DE26B47A1B007A451F /* Preview Content */ = {
			isa = PBXGroup;
			children = (
				367428DF26B47A1B007A451F /* Preview Assets.xcassets */,
			);
			path = "Preview Content";
			sourceTree = "<group>";
		};
		367428E726B47E47007A451F /* Views */ = {
			isa = PBXGroup;
			children = (
				367428EC26B47F20007A451F /* CardDetailView.swift */,
				367428FF26B4AC2D007A451F /* CardRowView.swift */,
				3674290126B4B87B007A451F /* CardListView.swift */,
				36B41CD226BAFC7B005C8684 /* ScanDocumentView.swift */,
				36FBBB6826C2DF4800A0FAA9 /* pickers.swift */,
				367226B526C382920030712E /* DevCardDetailView.swift */,
				367226B726C383D40030712E /* CustomPickerView.swift */,
			);
			path = Views;
			sourceTree = "<group>";
		};
		367428E826B47E4E007A451F /* Models */ = {
			isa = PBXGroup;
			children = (
				367428F226B48AF5007A451F /* CardModel.swift */,
				365806EE26C452AE00511DDB /* Author.swift */,
				365806F026C452F400511DDB /* Book.swift */,
			);
			path = Models;
			sourceTree = "<group>";
		};
		367428E926B47E64007A451F /* ViewModels */ = {
			isa = PBXGroup;
			children = (
				36D7A98426B9EC9B005D1AFA /* CardListViewModel.swift */,
				36D7A98626B9ED74005D1AFA /* CardViewModel.swift */,
				365806F226C4544F00511DDB /* AuthorListViewModel.swift */,
				365806F426C454CB00511DDB /* AuthorViewModel.swift */,
			);
			path = ViewModels;
			sourceTree = "<group>";
		};
		367428F626B4A3B1007A451F /* Resources */ = {
			isa = PBXGroup;
			children = (
				367428F726B4AA35007A451F /* atomic_habits.jpg */,
				367428F926B4AA35007A451F /* data.json */,
				367428F826B4AA35007A451F /* far_away.jpg */,
				367428FA26B4AA35007A451F /* why_we_sleep.jpg */,
			);
			path = Resources;
			sourceTree = "<group>";
		};
		36A6219926B9A57C00B46F5C /* Repository */ = {
			isa = PBXGroup;
			children = (
				36A6219A26B9A5D300B46F5C /* CardRepository.swift */,
				367428F426B4A261007A451F /* ModelData.swift */,
				365806EC26C4525A00511DDB /* AuthorRepository.swift */,
			);
			path = Repository;
			sourceTree = "<group>";
		};
/* End PBXGroup section */

/* Begin PBXNativeTarget section */
		367428D426B47A17007A451F /* InstaQuoClient */ = {
			isa = PBXNativeTarget;
			buildConfigurationList = 367428E426B47A1B007A451F /* Build configuration list for PBXNativeTarget "InstaQuoClient" */;
			buildPhases = (
				367428D126B47A17007A451F /* Sources */,
				367428D226B47A17007A451F /* Frameworks */,
				367428D326B47A17007A451F /* Resources */,
			);
			buildRules = (
			);
			dependencies = (
			);
			name = InstaQuoClient;
			packageProductDependencies = (
				36D7A98026B9D17F005D1AFA /* FirebaseFirestore */,
				36D7A98226B9D17F005D1AFA /* FirebaseFirestoreSwift-Beta */,
			);
			productName = InstaQuoClient;
			productReference = 367428D526B47A17007A451F /* InstaQuoClient.app */;
			productType = "com.apple.product-type.application";
		};
/* End PBXNativeTarget section */

/* Begin PBXProject section */
		367428CD26B47A17007A451F /* Project object */ = {
			isa = PBXProject;
			attributes = {
				LastSwiftUpdateCheck = 1250;
				LastUpgradeCheck = 1250;
				TargetAttributes = {
					367428D426B47A17007A451F = {
						CreatedOnToolsVersion = 12.5.1;
					};
				};
			};
			buildConfigurationList = 367428D026B47A17007A451F /* Build configuration list for PBXProject "InstaQuoClient" */;
			compatibilityVersion = "Xcode 9.3";
			developmentRegion = en;
			hasScannedForEncodings = 0;
			knownRegions = (
				en,
				Base,
			);
			mainGroup = 367428CC26B47A17007A451F;
			packageReferences = (
				36D7A97F26B9D17F005D1AFA /* XCRemoteSwiftPackageReference "firebase-ios-sdk" */,
			);
			productRefGroup = 367428D626B47A17007A451F /* Products */;
			projectDirPath = "";
			projectRoot = "";
			targets = (
				367428D426B47A17007A451F /* InstaQuoClient */,
			);
		};
/* End PBXProject section */

/* Begin PBXResourcesBuildPhase section */
		367428D326B47A17007A451F /* Resources */ = {
			isa = PBXResourcesBuildPhase;
			buildActionMask = 2147483647;
			files = (
				367428FB26B4AA35007A451F /* atomic_habits.jpg in Resources */,
				367428FC26B4AA35007A451F /* far_away.jpg in Resources */,
				367428FE26B4AA35007A451F /* why_we_sleep.jpg in Resources */,
				367428E026B47A1B007A451F /* Preview Assets.xcassets in Resources */,
				367428FD26B4AA35007A451F /* data.json in Resources */,
				367428DD26B47A1B007A451F /* Assets.xcassets in Resources */,
				3671854026B9A2DC009BAE47 /* GoogleService-Info.plist in Resources */,
			);
			runOnlyForDeploymentPostprocessing = 0;
		};
/* End PBXResourcesBuildPhase section */

/* Begin PBXSourcesBuildPhase section */
		367428D126B47A17007A451F /* Sources */ = {
			isa = PBXSourcesBuildPhase;
			buildActionMask = 2147483647;
			files = (
				36D7A98526B9EC9B005D1AFA /* CardListViewModel.swift in Sources */,
				36FBBB6926C2DF4800A0FAA9 /* pickers.swift in Sources */,
				367226B626C382920030712E /* DevCardDetailView.swift in Sources */,
				367226B826C383D40030712E /* CustomPickerView.swift in Sources */,
				367428ED26B47F20007A451F /* CardDetailView.swift in Sources */,
				3674290026B4AC2D007A451F /* CardRowView.swift in Sources */,
				367428DB26B47A17007A451F /* ContentView.swift in Sources */,
				367428D926B47A17007A451F /* InstaQuoClientApp.swift in Sources */,
				367428F326B48AF5007A451F /* CardModel.swift in Sources */,
				36B41CD326BAFC7B005C8684 /* ScanDocumentView.swift in Sources */,
				365806EF26C452AE00511DDB /* Author.swift in Sources */,
				36D7A98726B9ED74005D1AFA /* CardViewModel.swift in Sources */,
				36A6219B26B9A5D300B46F5C /* CardRepository.swift in Sources */,
				3674290226B4B87B007A451F /* CardListView.swift in Sources */,
				365806ED26C4525A00511DDB /* AuthorRepository.swift in Sources */,
				365806F326C4544F00511DDB /* AuthorListViewModel.swift in Sources */,
				367428F526B4A261007A451F /* ModelData.swift in Sources */,
				365806F526C454CB00511DDB /* AuthorViewModel.swift in Sources */,
				365806F126C452F400511DDB /* Book.swift in Sources */,
			);
			runOnlyForDeploymentPostprocessing = 0;
		};
/* End PBXSourcesBuildPhase section */

/* Begin XCBuildConfiguration section */
		367428E226B47A1B007A451F /* Debug */ = {
			isa = XCBuildConfiguration;
			buildSettings = {
				ALWAYS_SEARCH_USER_PATHS = NO;
				CLANG_ANALYZER_NONNULL = YES;
				CLANG_ANALYZER_NUMBER_OBJECT_CONVERSION = YES_AGGRESSIVE;
				CLANG_CXX_LANGUAGE_STANDARD = "gnu++14";
				CLANG_CXX_LIBRARY = "libc++";
				CLANG_ENABLE_MODULES = YES;
				CLANG_ENABLE_OBJC_ARC = YES;
				CLANG_ENABLE_OBJC_WEAK = YES;
				CLANG_WARN_BLOCK_CAPTURE_AUTORELEASING = YES;
				CLANG_WARN_BOOL_CONVERSION = YES;
				CLANG_WARN_COMMA = YES;
				CLANG_WARN_CONSTANT_CONVERSION = YES;
				CLANG_WARN_DEPRECATED_OBJC_IMPLEMENTATIONS = YES;
				CLANG_WARN_DIRECT_OBJC_ISA_USAGE = YES_ERROR;
				CLANG_WARN_DOCUMENTATION_COMMENTS = YES;
				CLANG_WARN_EMPTY_BODY = YES;
				CLANG_WARN_ENUM_CONVERSION = YES;
				CLANG_WARN_INFINITE_RECURSION = YES;
				CLANG_WARN_INT_CONVERSION = YES;
				CLANG_WARN_NON_LITERAL_NULL_CONVERSION = YES;
				CLANG_WARN_OBJC_IMPLICIT_RETAIN_SELF = YES;
				CLANG_WARN_OBJC_LITERAL_CONVERSION = YES;
				CLANG_WARN_OBJC_ROOT_CLASS = YES_ERROR;
				CLANG_WARN_QUOTED_INCLUDE_IN_FRAMEWORK_HEADER = YES;
				CLANG_WARN_RANGE_LOOP_ANALYSIS = YES;
				CLANG_WARN_STRICT_PROTOTYPES = YES;
				CLANG_WARN_SUSPICIOUS_MOVE = YES;
				CLANG_WARN_UNGUARDED_AVAILABILITY = YES_AGGRESSIVE;
				CLANG_WARN_UNREACHABLE_CODE = YES;
				CLANG_WARN__DUPLICATE_METHOD_MATCH = YES;
				COPY_PHASE_STRIP = NO;
				DEBUG_INFORMATION_FORMAT = dwarf;
				ENABLE_STRICT_OBJC_MSGSEND = YES;
				ENABLE_TESTABILITY = YES;
				GCC_C_LANGUAGE_STANDARD = gnu11;
				GCC_DYNAMIC_NO_PIC = NO;
				GCC_NO_COMMON_BLOCKS = YES;
				GCC_OPTIMIZATION_LEVEL = 0;
				GCC_PREPROCESSOR_DEFINITIONS = (
					"DEBUG=1",
					"$(inherited)",
				);
				GCC_WARN_64_TO_32_BIT_CONVERSION = YES;
				GCC_WARN_ABOUT_RETURN_TYPE = YES_ERROR;
				GCC_WARN_UNDECLARED_SELECTOR = YES;
				GCC_WARN_UNINITIALIZED_AUTOS = YES_AGGRESSIVE;
				GCC_WARN_UNUSED_FUNCTION = YES;
				GCC_WARN_UNUSED_VARIABLE = YES;
				IPHONEOS_DEPLOYMENT_TARGET = 14.5;
				MTL_ENABLE_DEBUG_INFO = INCLUDE_SOURCE;
				MTL_FAST_MATH = YES;
				ONLY_ACTIVE_ARCH = YES;
				SDKROOT = iphoneos;
				SWIFT_ACTIVE_COMPILATION_CONDITIONS = DEBUG;
				SWIFT_OPTIMIZATION_LEVEL = "-Onone";
			};
			name = Debug;
		};
		367428E326B47A1B007A451F /* Release */ = {
			isa = XCBuildConfiguration;
			buildSettings = {
				ALWAYS_SEARCH_USER_PATHS = NO;
				CLANG_ANALYZER_NONNULL = YES;
				CLANG_ANALYZER_NUMBER_OBJECT_CONVERSION = YES_AGGRESSIVE;
				CLANG_CXX_LANGUAGE_STANDARD = "gnu++14";
				CLANG_CXX_LIBRARY = "libc++";
				CLANG_ENABLE_MODULES = YES;
				CLANG_ENABLE_OBJC_ARC = YES;
				CLANG_ENABLE_OBJC_WEAK = YES;
				CLANG_WARN_BLOCK_CAPTURE_AUTORELEASING = YES;
				CLANG_WARN_BOOL_CONVERSION = YES;
				CLANG_WARN_COMMA = YES;
				CLANG_WARN_CONSTANT_CONVERSION = YES;
				CLANG_WARN_DEPRECATED_OBJC_IMPLEMENTATIONS = YES;
				CLANG_WARN_DIRECT_OBJC_ISA_USAGE = YES_ERROR;
				CLANG_WARN_DOCUMENTATION_COMMENTS = YES;
				CLANG_WARN_EMPTY_BODY = YES;
				CLANG_WARN_ENUM_CONVERSION = YES;
				CLANG_WARN_INFINITE_RECURSION = YES;
				CLANG_WARN_INT_CONVERSION = YES;
				CLANG_WARN_NON_LITERAL_NULL_CONVERSION = YES;
				CLANG_WARN_OBJC_IMPLICIT_RETAIN_SELF = YES;
				CLANG_WARN_OBJC_LITERAL_CONVERSION = YES;
				CLANG_WARN_OBJC_ROOT_CLASS = YES_ERROR;
				CLANG_WARN_QUOTED_INCLUDE_IN_FRAMEWORK_HEADER = YES;
				CLANG_WARN_RANGE_LOOP_ANALYSIS = YES;
				CLANG_WARN_STRICT_PROTOTYPES = YES;
				CLANG_WARN_SUSPICIOUS_MOVE = YES;
				CLANG_WARN_UNGUARDED_AVAILABILITY = YES_AGGRESSIVE;
				CLANG_WARN_UNREACHABLE_CODE = YES;
				CLANG_WARN__DUPLICATE_METHOD_MATCH = YES;
				COPY_PHASE_STRIP = NO;
				DEBUG_INFORMATION_FORMAT = "dwarf-with-dsym";
				ENABLE_NS_ASSERTIONS = NO;
				ENABLE_STRICT_OBJC_MSGSEND = YES;
				GCC_C_LANGUAGE_STANDARD = gnu11;
				GCC_NO_COMMON_BLOCKS = YES;
				GCC_WARN_64_TO_32_BIT_CONVERSION = YES;
				GCC_WARN_ABOUT_RETURN_TYPE = YES_ERROR;
				GCC_WARN_UNDECLARED_SELECTOR = YES;
				GCC_WARN_UNINITIALIZED_AUTOS = YES_AGGRESSIVE;
				GCC_WARN_UNUSED_FUNCTION = YES;
				GCC_WARN_UNUSED_VARIABLE = YES;
				IPHONEOS_DEPLOYMENT_TARGET = 14.5;
				MTL_ENABLE_DEBUG_INFO = NO;
				MTL_FAST_MATH = YES;
				SDKROOT = iphoneos;
				SWIFT_COMPILATION_MODE = wholemodule;
				SWIFT_OPTIMIZATION_LEVEL = "-O";
				VALIDATE_PRODUCT = YES;
			};
			name = Release;
		};
		367428E526B47A1B007A451F /* Debug */ = {
			isa = XCBuildConfiguration;
			buildSettings = {
				ASSETCATALOG_COMPILER_APPICON_NAME = AppIcon;
				ASSETCATALOG_COMPILER_GLOBAL_ACCENT_COLOR_NAME = AccentColor;
				CODE_SIGN_STYLE = Automatic;
				DEVELOPMENT_ASSET_PATHS = "\"InstaQuoClient/Preview Content\"";
				DEVELOPMENT_TEAM = 3CW8J4LHN6;
				ENABLE_PREVIEWS = YES;
				INFOPLIST_FILE = InstaQuoClient/Info.plist;
				IPHONEOS_DEPLOYMENT_TARGET = 14.0;
				LD_RUNPATH_SEARCH_PATHS = (
					"$(inherited)",
					"@executable_path/Frameworks",
				);
				PRODUCT_BUNDLE_IDENTIFIER = com.ios.InstaQuoClient;
				PRODUCT_NAME = "$(TARGET_NAME)";
				SWIFT_VERSION = 5.0;
				TARGETED_DEVICE_FAMILY = "1,2";
			};
			name = Debug;
		};
		367428E626B47A1B007A451F /* Release */ = {
			isa = XCBuildConfiguration;
			buildSettings = {
				ASSETCATALOG_COMPILER_APPICON_NAME = AppIcon;
				ASSETCATALOG_COMPILER_GLOBAL_ACCENT_COLOR_NAME = AccentColor;
				CODE_SIGN_STYLE = Automatic;
				DEVELOPMENT_ASSET_PATHS = "\"InstaQuoClient/Preview Content\"";
				DEVELOPMENT_TEAM = 3CW8J4LHN6;
				ENABLE_PREVIEWS = YES;
				INFOPLIST_FILE = InstaQuoClient/Info.plist;
				IPHONEOS_DEPLOYMENT_TARGET = 14.0;
				LD_RUNPATH_SEARCH_PATHS = (
					"$(inherited)",
					"@executable_path/Frameworks",
				);
				PRODUCT_BUNDLE_IDENTIFIER = com.ios.InstaQuoClient;
				PRODUCT_NAME = "$(TARGET_NAME)";
				SWIFT_VERSION = 5.0;
				TARGETED_DEVICE_FAMILY = "1,2";
			};
			name = Release;
		};
/* End XCBuildConfiguration section */

/* Begin XCConfigurationList section */
		367428D026B47A17007A451F /* Build configuration list for PBXProject "InstaQuoClient" */ = {
			isa = XCConfigurationList;
			buildConfigurations = (
				367428E226B47A1B007A451F /* Debug */,
				367428E326B47A1B007A451F /* Release */,
			);
			defaultConfigurationIsVisible = 0;
			defaultConfigurationName = Release;
		};
		367428E426B47A1B007A451F /* Build configuration list for PBXNativeTarget "InstaQuoClient" */ = {
			isa = XCConfigurationList;
			buildConfigurations = (
				367428E526B47A1B007A451F /* Debug */,
				367428E626B47A1B007A451F /* Release */,
			);
			defaultConfigurationIsVisible = 0;
			defaultConfigurationName = Release;
		};
/* End XCConfigurationList section */

/* Begin XCRemoteSwiftPackageReference section */
		36D7A97F26B9D17F005D1AFA /* XCRemoteSwiftPackageReference "firebase-ios-sdk" */ = {
			isa = XCRemoteSwiftPackageReference;
			repositoryURL = "https://github.com/firebase/firebase-ios-sdk.git";
			requirement = {
				kind = upToNextMajorVersion;
				minimumVersion = 8.5.0;
			};
		};
/* End XCRemoteSwiftPackageReference section */

/* Begin XCSwiftPackageProductDependency section */
		36D7A98026B9D17F005D1AFA /* FirebaseFirestore */ = {
			isa = XCSwiftPackageProductDependency;
			package = 36D7A97F26B9D17F005D1AFA /* XCRemoteSwiftPackageReference "firebase-ios-sdk" */;
			productName = FirebaseFirestore;
		};
		36D7A98226B9D17F005D1AFA /* FirebaseFirestoreSwift-Beta */ = {
			isa = XCSwiftPackageProductDependency;
			package = 36D7A97F26B9D17F005D1AFA /* XCRemoteSwiftPackageReference "firebase-ios-sdk" */;
			productName = "FirebaseFirestoreSwift-Beta";
		};
/* End XCSwiftPackageProductDependency section */
	};
	rootObject = 367428CD26B47A17007A451F /* Project object */;
}
