// !$*UTF8*$!
{
	archiveVersion = 1;
	classes = {
	};
	objectVersion = 50;
	objects = {

/* Begin PBXBuildFile section */
		366F066426B61C3700CE1F96 /* ImagePickerView.swift in Sources */ = {isa = PBXBuildFile; fileRef = 366F066326B61C3700CE1F96 /* ImagePickerView.swift */; };
		366F066626B6752400CE1F96 /* FavouriteFeatureView.swift in Sources */ = {isa = PBXBuildFile; fileRef = 366F066526B6752400CE1F96 /* FavouriteFeatureView.swift */; };
		3671854026B9A2DC009BAE47 /* GoogleService-Info.plist in Resources */ = {isa = PBXBuildFile; fileRef = 3671853F26B9A2DC009BAE47 /* GoogleService-Info.plist */; };
		367428D926B47A17007A451F /* InstaQuoClientApp.swift in Sources */ = {isa = PBXBuildFile; fileRef = 367428D826B47A17007A451F /* InstaQuoClientApp.swift */; };
		367428DB26B47A17007A451F /* ContentView.swift in Sources */ = {isa = PBXBuildFile; fileRef = 367428DA26B47A17007A451F /* ContentView.swift */; };
		367428DD26B47A1B007A451F /* Assets.xcassets in Resources */ = {isa = PBXBuildFile; fileRef = 367428DC26B47A1B007A451F /* Assets.xcassets */; };
		367428E026B47A1B007A451F /* Preview Assets.xcassets in Resources */ = {isa = PBXBuildFile; fileRef = 367428DF26B47A1B007A451F /* Preview Assets.xcassets */; };
		367428ED26B47F20007A451F /* CardDetailView.swift in Sources */ = {isa = PBXBuildFile; fileRef = 367428EC26B47F20007A451F /* CardDetailView.swift */; };
		367428F326B48AF5007A451F /* CardModel.swift in Sources */ = {isa = PBXBuildFile; fileRef = 367428F226B48AF5007A451F /* CardModel.swift */; };
		367428F526B4A261007A451F /* ModelData.swift in Sources */ = {isa = PBXBuildFile; fileRef = 367428F426B4A261007A451F /* ModelData.swift */; };
		367428FB26B4AA35007A451F /* atomic_habits.jpg in Resources */ = {isa = PBXBuildFile; fileRef = 367428F726B4AA35007A451F /* atomic_habits.jpg */; };
		367428FC26B4AA35007A451F /* far_away.jpg in Resources */ = {isa = PBXBuildFile; fileRef = 367428F826B4AA35007A451F /* far_away.jpg */; };
		367428FD26B4AA35007A451F /* data.json in Resources */ = {isa = PBXBuildFile; fileRef = 367428F926B4AA35007A451F /* data.json */; };
		367428FE26B4AA35007A451F /* why_we_sleep.jpg in Resources */ = {isa = PBXBuildFile; fileRef = 367428FA26B4AA35007A451F /* why_we_sleep.jpg */; };
		3674290026B4AC2D007A451F /* CardRowView.swift in Sources */ = {isa = PBXBuildFile; fileRef = 367428FF26B4AC2D007A451F /* CardRowView.swift */; };
		3674290226B4B87B007A451F /* CardListView.swift in Sources */ = {isa = PBXBuildFile; fileRef = 3674290126B4B87B007A451F /* CardListView.swift */; };
		B2A9DD5E2EC2E009B01C4FA9 /* Pods_InstaQuoClient.framework in Frameworks */ = {isa = PBXBuildFile; fileRef = 25D8D20741DBBD62A28AC4B0 /* Pods_InstaQuoClient.framework */; };
/* End PBXBuildFile section */

/* Begin PBXFileReference section */
		25D8D20741DBBD62A28AC4B0 /* Pods_InstaQuoClient.framework */ = {isa = PBXFileReference; explicitFileType = wrapper.framework; includeInIndex = 0; path = Pods_InstaQuoClient.framework; sourceTree = BUILT_PRODUCTS_DIR; };
		366F066326B61C3700CE1F96 /* ImagePickerView.swift */ = {isa = PBXFileReference; lastKnownFileType = sourcecode.swift; path = ImagePickerView.swift; sourceTree = "<group>"; };
		366F066526B6752400CE1F96 /* FavouriteFeatureView.swift */ = {isa = PBXFileReference; lastKnownFileType = sourcecode.swift; path = FavouriteFeatureView.swift; sourceTree = "<group>"; };
		3671853F26B9A2DC009BAE47 /* GoogleService-Info.plist */ = {isa = PBXFileReference; fileEncoding = 4; lastKnownFileType = text.plist.xml; path = "GoogleService-Info.plist"; sourceTree = "<group>"; };
		367428D526B47A17007A451F /* InstaQuoClient.app */ = {isa = PBXFileReference; explicitFileType = wrapper.application; includeInIndex = 0; path = InstaQuoClient.app; sourceTree = BUILT_PRODUCTS_DIR; };
		367428D826B47A17007A451F /* InstaQuoClientApp.swift */ = {isa = PBXFileReference; lastKnownFileType = sourcecode.swift; path = InstaQuoClientApp.swift; sourceTree = "<group>"; };
		367428DA26B47A17007A451F /* ContentView.swift */ = {isa = PBXFileReference; lastKnownFileType = sourcecode.swift; path = ContentView.swift; sourceTree = "<group>"; };
		367428DC26B47A1B007A451F /* Assets.xcassets */ = {isa = PBXFileReference; lastKnownFileType = folder.assetcatalog; path = Assets.xcassets; sourceTree = "<group>"; };
		367428DF26B47A1B007A451F /* Preview Assets.xcassets */ = {isa = PBXFileReference; lastKnownFileType = folder.assetcatalog; path = "Preview Assets.xcassets"; sourceTree = "<group>"; };
		367428E126B47A1B007A451F /* Info.plist */ = {isa = PBXFileReference; lastKnownFileType = text.plist.xml; path = Info.plist; sourceTree = "<group>"; };
		367428EC26B47F20007A451F /* CardDetailView.swift */ = {isa = PBXFileReference; lastKnownFileType = sourcecode.swift; path = CardDetailView.swift; sourceTree = "<group>"; };
		367428F226B48AF5007A451F /* CardModel.swift */ = {isa = PBXFileReference; lastKnownFileType = sourcecode.swift; path = CardModel.swift; sourceTree = "<group>"; };
		367428F426B4A261007A451F /* ModelData.swift */ = {isa = PBXFileReference; lastKnownFileType = sourcecode.swift; path = ModelData.swift; sourceTree = "<group>"; };
		367428F726B4AA35007A451F /* atomic_habits.jpg */ = {isa = PBXFileReference; lastKnownFileType = image.jpeg; name = atomic_habits.jpg; path = InstaQuoClient/Resources/atomic_habits.jpg; sourceTree = SOURCE_ROOT; };
		367428F826B4AA35007A451F /* far_away.jpg */ = {isa = PBXFileReference; lastKnownFileType = image.jpeg; name = far_away.jpg; path = InstaQuoClient/Resources/far_away.jpg; sourceTree = SOURCE_ROOT; };
		367428F926B4AA35007A451F /* data.json */ = {isa = PBXFileReference; fileEncoding = 4; lastKnownFileType = text.json; name = data.json; path = InstaQuoClient/Resources/data.json; sourceTree = SOURCE_ROOT; };
		367428FA26B4AA35007A451F /* why_we_sleep.jpg */ = {isa = PBXFileReference; lastKnownFileType = image.jpeg; name = why_we_sleep.jpg; path = InstaQuoClient/Resources/why_we_sleep.jpg; sourceTree = SOURCE_ROOT; };
		367428FF26B4AC2D007A451F /* CardRowView.swift */ = {isa = PBXFileReference; lastKnownFileType = sourcecode.swift; path = CardRowView.swift; sourceTree = "<group>"; };
		3674290126B4B87B007A451F /* CardListView.swift */ = {isa = PBXFileReference; lastKnownFileType = sourcecode.swift; path = CardListView.swift; sourceTree = "<group>"; };
		3C231035B6545496D13AD76A /* Pods-InstaQuoClient.release.xcconfig */ = {isa = PBXFileReference; includeInIndex = 1; lastKnownFileType = text.xcconfig; name = "Pods-InstaQuoClient.release.xcconfig"; path = "Target Support Files/Pods-InstaQuoClient/Pods-InstaQuoClient.release.xcconfig"; sourceTree = "<group>"; };
		DDA6724EC4EFC71E203DC97F /* Pods-InstaQuoClient.debug.xcconfig */ = {isa = PBXFileReference; includeInIndex = 1; lastKnownFileType = text.xcconfig; name = "Pods-InstaQuoClient.debug.xcconfig"; path = "Target Support Files/Pods-InstaQuoClient/Pods-InstaQuoClient.debug.xcconfig"; sourceTree = "<group>"; };
/* End PBXFileReference section */

/* Begin PBXFrameworksBuildPhase section */
		367428D226B47A17007A451F /* Frameworks */ = {
			isa = PBXFrameworksBuildPhase;
			buildActionMask = 2147483647;
			files = (
				B2A9DD5E2EC2E009B01C4FA9 /* Pods_InstaQuoClient.framework in Frameworks */,
			);
			runOnlyForDeploymentPostprocessing = 0;
		};
/* End PBXFrameworksBuildPhase section */

/* Begin PBXGroup section */
		366F066226B61BB400CE1F96 /* Controllers */ = {
			isa = PBXGroup;
			children = (
			);
			path = Controllers;
			sourceTree = "<group>";
		};
		367428CC26B47A17007A451F = {
			isa = PBXGroup;
			children = (
				367428D726B47A17007A451F /* InstaQuoClient */,
				367428D626B47A17007A451F /* Products */,
				4F5B2C10E8E1553FAA623B7E /* Pods */,
				FC2C92E50EAAA7E8D9BB416E /* Frameworks */,
			);
			sourceTree = "<group>";
		};
		367428D626B47A17007A451F /* Products */ = {
			isa = PBXGroup;
			children = (
				367428D526B47A17007A451F /* InstaQuoClient.app */,
			);
			name = Products;
			sourceTree = "<group>";
		};
		367428D726B47A17007A451F /* InstaQuoClient */ = {
			isa = PBXGroup;
			children = (
				366F066226B61BB400CE1F96 /* Controllers */,
				367428F626B4A3B1007A451F /* Resources */,
				367428E926B47E64007A451F /* ViewModels */,
				367428E826B47E4E007A451F /* Models */,
				367428E726B47E47007A451F /* Views */,
				367428D826B47A17007A451F /* InstaQuoClientApp.swift */,
				367428DA26B47A17007A451F /* ContentView.swift */,
				367428DC26B47A1B007A451F /* Assets.xcassets */,
				367428E126B47A1B007A451F /* Info.plist */,
				3671853F26B9A2DC009BAE47 /* GoogleService-Info.plist */,
				367428DE26B47A1B007A451F /* Preview Content */,
			);
			path = InstaQuoClient;
			sourceTree = "<group>";
		};
		367428DE26B47A1B007A451F /* Preview Content */ = {
			isa = PBXGroup;
			children = (
				367428DF26B47A1B007A451F /* Preview Assets.xcassets */,
			);
			path = "Preview Content";
			sourceTree = "<group>";
		};
		367428E726B47E47007A451F /* Views */ = {
			isa = PBXGroup;
			children = (
				366F066326B61C3700CE1F96 /* ImagePickerView.swift */,
				367428EC26B47F20007A451F /* CardDetailView.swift */,
				367428FF26B4AC2D007A451F /* CardRowView.swift */,
				3674290126B4B87B007A451F /* CardListView.swift */,
				366F066526B6752400CE1F96 /* FavouriteFeatureView.swift */,
			);
			path = Views;
			sourceTree = "<group>";
		};
		367428E826B47E4E007A451F /* Models */ = {
			isa = PBXGroup;
			children = (
				367428F226B48AF5007A451F /* CardModel.swift */,
				367428F426B4A261007A451F /* ModelData.swift */,
			);
			path = Models;
			sourceTree = "<group>";
		};
		367428E926B47E64007A451F /* ViewModels */ = {
			isa = PBXGroup;
			children = (
			);
			path = ViewModels;
			sourceTree = "<group>";
		};
		367428F626B4A3B1007A451F /* Resources */ = {
			isa = PBXGroup;
			children = (
				367428F726B4AA35007A451F /* atomic_habits.jpg */,
				367428F926B4AA35007A451F /* data.json */,
				367428F826B4AA35007A451F /* far_away.jpg */,
				367428FA26B4AA35007A451F /* why_we_sleep.jpg */,
			);
			path = Resources;
			sourceTree = "<group>";
		};
		4F5B2C10E8E1553FAA623B7E /* Pods */ = {
			isa = PBXGroup;
			children = (
				DDA6724EC4EFC71E203DC97F /* Pods-InstaQuoClient.debug.xcconfig */,
				3C231035B6545496D13AD76A /* Pods-InstaQuoClient.release.xcconfig */,
			);
			name = Pods;
			path = Pods;
			sourceTree = "<group>";
		};
		FC2C92E50EAAA7E8D9BB416E /* Frameworks */ = {
			isa = PBXGroup;
			children = (
				25D8D20741DBBD62A28AC4B0 /* Pods_InstaQuoClient.framework */,
			);
			name = Frameworks;
			sourceTree = "<group>";
		};
/* End PBXGroup section */

/* Begin PBXNativeTarget section */
		367428D426B47A17007A451F /* InstaQuoClient */ = {
			isa = PBXNativeTarget;
			buildConfigurationList = 367428E426B47A1B007A451F /* Build configuration list for PBXNativeTarget "InstaQuoClient" */;
			buildPhases = (
				5D539192A3B50D9CA617A117 /* [CP] Check Pods Manifest.lock */,
				367428D126B47A17007A451F /* Sources */,
				367428D226B47A17007A451F /* Frameworks */,
				367428D326B47A17007A451F /* Resources */,
				CFD97EAB68772D4FE798D43E /* [CP] Embed Pods Frameworks */,
			);
			buildRules = (
			);
			dependencies = (
			);
			name = InstaQuoClient;
			productName = InstaQuoClient;
			productReference = 367428D526B47A17007A451F /* InstaQuoClient.app */;
			productType = "com.apple.product-type.application";
		};
/* End PBXNativeTarget section */

/* Begin PBXProject section */
		367428CD26B47A17007A451F /* Project object */ = {
			isa = PBXProject;
			attributes = {
				LastSwiftUpdateCheck = 1250;
				LastUpgradeCheck = 1250;
				TargetAttributes = {
					367428D426B47A17007A451F = {
						CreatedOnToolsVersion = 12.5.1;
					};
				};
			};
			buildConfigurationList = 367428D026B47A17007A451F /* Build configuration list for PBXProject "InstaQuoClient" */;
			compatibilityVersion = "Xcode 9.3";
			developmentRegion = en;
			hasScannedForEncodings = 0;
			knownRegions = (
				en,
				Base,
			);
			mainGroup = 367428CC26B47A17007A451F;
			productRefGroup = 367428D626B47A17007A451F /* Products */;
			projectDirPath = "";
			projectRoot = "";
			targets = (
				367428D426B47A17007A451F /* InstaQuoClient */,
			);
		};
/* End PBXProject section */

/* Begin PBXResourcesBuildPhase section */
		367428D326B47A17007A451F /* Resources */ = {
			isa = PBXResourcesBuildPhase;
			buildActionMask = 2147483647;
			files = (
				367428FB26B4AA35007A451F /* atomic_habits.jpg in Resources */,
				367428FC26B4AA35007A451F /* far_away.jpg in Resources */,
				367428FE26B4AA35007A451F /* why_we_sleep.jpg in Resources */,
				367428E026B47A1B007A451F /* Preview Assets.xcassets in Resources */,
				367428FD26B4AA35007A451F /* data.json in Resources */,
				367428DD26B47A1B007A451F /* Assets.xcassets in Resources */,
				3671854026B9A2DC009BAE47 /* GoogleService-Info.plist in Resources */,
			);
			runOnlyForDeploymentPostprocessing = 0;
		};
/* End PBXResourcesBuildPhase section */

/* Begin PBXShellScriptBuildPhase section */
		5D539192A3B50D9CA617A117 /* [CP] Check Pods Manifest.lock */ = {
			isa = PBXShellScriptBuildPhase;
			buildActionMask = 2147483647;
			files = (
			);
			inputFileListPaths = (
			);
			inputPaths = (
				"${PODS_PODFILE_DIR_PATH}/Podfile.lock",
				"${PODS_ROOT}/Manifest.lock",
			);
			name = "[CP] Check Pods Manifest.lock";
			outputFileListPaths = (
			);
			outputPaths = (
				"$(DERIVED_FILE_DIR)/Pods-InstaQuoClient-checkManifestLockResult.txt",
			);
			runOnlyForDeploymentPostprocessing = 0;
			shellPath = /bin/sh;
			shellScript = "diff \"${PODS_PODFILE_DIR_PATH}/Podfile.lock\" \"${PODS_ROOT}/Manifest.lock\" > /dev/null\nif [ $? != 0 ] ; then\n    # print error to STDERR\n    echo \"error: The sandbox is not in sync with the Podfile.lock. Run 'pod install' or update your CocoaPods installation.\" >&2\n    exit 1\nfi\n# This output is used by Xcode 'outputs' to avoid re-running this script phase.\necho \"SUCCESS\" > \"${SCRIPT_OUTPUT_FILE_0}\"\n";
			showEnvVarsInLog = 0;
		};
		CFD97EAB68772D4FE798D43E /* [CP] Embed Pods Frameworks */ = {
			isa = PBXShellScriptBuildPhase;
			buildActionMask = 2147483647;
			files = (
			);
			inputFileListPaths = (
				"${PODS_ROOT}/Target Support Files/Pods-InstaQuoClient/Pods-InstaQuoClient-frameworks-${CONFIGURATION}-input-files.xcfilelist",
			);
			name = "[CP] Embed Pods Frameworks";
			outputFileListPaths = (
				"${PODS_ROOT}/Target Support Files/Pods-InstaQuoClient/Pods-InstaQuoClient-frameworks-${CONFIGURATION}-output-files.xcfilelist",
			);
			runOnlyForDeploymentPostprocessing = 0;
			shellPath = /bin/sh;
			shellScript = "\"${PODS_ROOT}/Target Support Files/Pods-InstaQuoClient/Pods-InstaQuoClient-frameworks.sh\"\n";
			showEnvVarsInLog = 0;
		};
/* End PBXShellScriptBuildPhase section */

/* Begin PBXSourcesBuildPhase section */
		367428D126B47A17007A451F /* Sources */ = {
			isa = PBXSourcesBuildPhase;
			buildActionMask = 2147483647;
			files = (
				367428ED26B47F20007A451F /* CardDetailView.swift in Sources */,
				366F066626B6752400CE1F96 /* FavouriteFeatureView.swift in Sources */,
				3674290026B4AC2D007A451F /* CardRowView.swift in Sources */,
				367428DB26B47A17007A451F /* ContentView.swift in Sources */,
				367428D926B47A17007A451F /* InstaQuoClientApp.swift in Sources */,
				367428F326B48AF5007A451F /* CardModel.swift in Sources */,
				366F066426B61C3700CE1F96 /* ImagePickerView.swift in Sources */,
				3674290226B4B87B007A451F /* CardListView.swift in Sources */,
				367428F526B4A261007A451F /* ModelData.swift in Sources */,
			);
			runOnlyForDeploymentPostprocessing = 0;
		};
/* End PBXSourcesBuildPhase section */

/* Begin XCBuildConfiguration section */
		367428E226B47A1B007A451F /* Debug */ = {
			isa = XCBuildConfiguration;
			buildSettings = {
				ALWAYS_SEARCH_USER_PATHS = NO;
				CLANG_ANALYZER_NONNULL = YES;
				CLANG_ANALYZER_NUMBER_OBJECT_CONVERSION = YES_AGGRESSIVE;
				CLANG_CXX_LANGUAGE_STANDARD = "gnu++14";
				CLANG_CXX_LIBRARY = "libc++";
				CLANG_ENABLE_MODULES = YES;
				CLANG_ENABLE_OBJC_ARC = YES;
				CLANG_ENABLE_OBJC_WEAK = YES;
				CLANG_WARN_BLOCK_CAPTURE_AUTORELEASING = YES;
				CLANG_WARN_BOOL_CONVERSION = YES;
				CLANG_WARN_COMMA = YES;
				CLANG_WARN_CONSTANT_CONVERSION = YES;
				CLANG_WARN_DEPRECATED_OBJC_IMPLEMENTATIONS = YES;
				CLANG_WARN_DIRECT_OBJC_ISA_USAGE = YES_ERROR;
				CLANG_WARN_DOCUMENTATION_COMMENTS = YES;
				CLANG_WARN_EMPTY_BODY = YES;
				CLANG_WARN_ENUM_CONVERSION = YES;
				CLANG_WARN_INFINITE_RECURSION = YES;
				CLANG_WARN_INT_CONVERSION = YES;
				CLANG_WARN_NON_LITERAL_NULL_CONVERSION = YES;
				CLANG_WARN_OBJC_IMPLICIT_RETAIN_SELF = YES;
				CLANG_WARN_OBJC_LITERAL_CONVERSION = YES;
				CLANG_WARN_OBJC_ROOT_CLASS = YES_ERROR;
				CLANG_WARN_QUOTED_INCLUDE_IN_FRAMEWORK_HEADER = YES;
				CLANG_WARN_RANGE_LOOP_ANALYSIS = YES;
				CLANG_WARN_STRICT_PROTOTYPES = YES;
				CLANG_WARN_SUSPICIOUS_MOVE = YES;
				CLANG_WARN_UNGUARDED_AVAILABILITY = YES_AGGRESSIVE;
				CLANG_WARN_UNREACHABLE_CODE = YES;
				CLANG_WARN__DUPLICATE_METHOD_MATCH = YES;
				COPY_PHASE_STRIP = NO;
				DEBUG_INFORMATION_FORMAT = dwarf;
				ENABLE_STRICT_OBJC_MSGSEND = YES;
				ENABLE_TESTABILITY = YES;
				GCC_C_LANGUAGE_STANDARD = gnu11;
				GCC_DYNAMIC_NO_PIC = NO;
				GCC_NO_COMMON_BLOCKS = YES;
				GCC_OPTIMIZATION_LEVEL = 0;
				GCC_PREPROCESSOR_DEFINITIONS = (
					"DEBUG=1",
					"$(inherited)",
				);
				GCC_WARN_64_TO_32_BIT_CONVERSION = YES;
				GCC_WARN_ABOUT_RETURN_TYPE = YES_ERROR;
				GCC_WARN_UNDECLARED_SELECTOR = YES;
				GCC_WARN_UNINITIALIZED_AUTOS = YES_AGGRESSIVE;
				GCC_WARN_UNUSED_FUNCTION = YES;
				GCC_WARN_UNUSED_VARIABLE = YES;
				IPHONEOS_DEPLOYMENT_TARGET = 14.5;
				MTL_ENABLE_DEBUG_INFO = INCLUDE_SOURCE;
				MTL_FAST_MATH = YES;
				ONLY_ACTIVE_ARCH = YES;
				SDKROOT = iphoneos;
				SWIFT_ACTIVE_COMPILATION_CONDITIONS = DEBUG;
				SWIFT_OPTIMIZATION_LEVEL = "-Onone";
			};
			name = Debug;
		};
		367428E326B47A1B007A451F /* Release */ = {
			isa = XCBuildConfiguration;
			buildSettings = {
				ALWAYS_SEARCH_USER_PATHS = NO;
				CLANG_ANALYZER_NONNULL = YES;
				CLANG_ANALYZER_NUMBER_OBJECT_CONVERSION = YES_AGGRESSIVE;
				CLANG_CXX_LANGUAGE_STANDARD = "gnu++14";
				CLANG_CXX_LIBRARY = "libc++";
				CLANG_ENABLE_MODULES = YES;
				CLANG_ENABLE_OBJC_ARC = YES;
				CLANG_ENABLE_OBJC_WEAK = YES;
				CLANG_WARN_BLOCK_CAPTURE_AUTORELEASING = YES;
				CLANG_WARN_BOOL_CONVERSION = YES;
				CLANG_WARN_COMMA = YES;
				CLANG_WARN_CONSTANT_CONVERSION = YES;
				CLANG_WARN_DEPRECATED_OBJC_IMPLEMENTATIONS = YES;
				CLANG_WARN_DIRECT_OBJC_ISA_USAGE = YES_ERROR;
				CLANG_WARN_DOCUMENTATION_COMMENTS = YES;
				CLANG_WARN_EMPTY_BODY = YES;
				CLANG_WARN_ENUM_CONVERSION = YES;
				CLANG_WARN_INFINITE_RECURSION = YES;
				CLANG_WARN_INT_CONVERSION = YES;
				CLANG_WARN_NON_LITERAL_NULL_CONVERSION = YES;
				CLANG_WARN_OBJC_IMPLICIT_RETAIN_SELF = YES;
				CLANG_WARN_OBJC_LITERAL_CONVERSION = YES;
				CLANG_WARN_OBJC_ROOT_CLASS = YES_ERROR;
				CLANG_WARN_QUOTED_INCLUDE_IN_FRAMEWORK_HEADER = YES;
				CLANG_WARN_RANGE_LOOP_ANALYSIS = YES;
				CLANG_WARN_STRICT_PROTOTYPES = YES;
				CLANG_WARN_SUSPICIOUS_MOVE = YES;
				CLANG_WARN_UNGUARDED_AVAILABILITY = YES_AGGRESSIVE;
				CLANG_WARN_UNREACHABLE_CODE = YES;
				CLANG_WARN__DUPLICATE_METHOD_MATCH = YES;
				COPY_PHASE_STRIP = NO;
				DEBUG_INFORMATION_FORMAT = "dwarf-with-dsym";
				ENABLE_NS_ASSERTIONS = NO;
				ENABLE_STRICT_OBJC_MSGSEND = YES;
				GCC_C_LANGUAGE_STANDARD = gnu11;
				GCC_NO_COMMON_BLOCKS = YES;
				GCC_WARN_64_TO_32_BIT_CONVERSION = YES;
				GCC_WARN_ABOUT_RETURN_TYPE = YES_ERROR;
				GCC_WARN_UNDECLARED_SELECTOR = YES;
				GCC_WARN_UNINITIALIZED_AUTOS = YES_AGGRESSIVE;
				GCC_WARN_UNUSED_FUNCTION = YES;
				GCC_WARN_UNUSED_VARIABLE = YES;
				IPHONEOS_DEPLOYMENT_TARGET = 14.5;
				MTL_ENABLE_DEBUG_INFO = NO;
				MTL_FAST_MATH = YES;
				SDKROOT = iphoneos;
				SWIFT_COMPILATION_MODE = wholemodule;
				SWIFT_OPTIMIZATION_LEVEL = "-O";
				VALIDATE_PRODUCT = YES;
			};
			name = Release;
		};
		367428E526B47A1B007A451F /* Debug */ = {
			isa = XCBuildConfiguration;
			baseConfigurationReference = DDA6724EC4EFC71E203DC97F /* Pods-InstaQuoClient.debug.xcconfig */;
			buildSettings = {
				ASSETCATALOG_COMPILER_APPICON_NAME = AppIcon;
				ASSETCATALOG_COMPILER_GLOBAL_ACCENT_COLOR_NAME = AccentColor;
				CODE_SIGN_STYLE = Automatic;
				DEVELOPMENT_ASSET_PATHS = "\"InstaQuoClient/Preview Content\"";
				ENABLE_PREVIEWS = YES;
				INFOPLIST_FILE = InstaQuoClient/Info.plist;
				IPHONEOS_DEPLOYMENT_TARGET = 14.0;
				LD_RUNPATH_SEARCH_PATHS = (
					"$(inherited)",
					"@executable_path/Frameworks",
				);
				PRODUCT_BUNDLE_IDENTIFIER = com.ios.InstaQuoClient;
				PRODUCT_NAME = "$(TARGET_NAME)";
				SWIFT_VERSION = 5.0;
				TARGETED_DEVICE_FAMILY = "1,2";
			};
			name = Debug;
		};
		367428E626B47A1B007A451F /* Release */ = {
			isa = XCBuildConfiguration;
			baseConfigurationReference = 3C231035B6545496D13AD76A /* Pods-InstaQuoClient.release.xcconfig */;
			buildSettings = {
				ASSETCATALOG_COMPILER_APPICON_NAME = AppIcon;
				ASSETCATALOG_COMPILER_GLOBAL_ACCENT_COLOR_NAME = AccentColor;
				CODE_SIGN_STYLE = Automatic;
				DEVELOPMENT_ASSET_PATHS = "\"InstaQuoClient/Preview Content\"";
				ENABLE_PREVIEWS = YES;
				INFOPLIST_FILE = InstaQuoClient/Info.plist;
				IPHONEOS_DEPLOYMENT_TARGET = 14.0;
				LD_RUNPATH_SEARCH_PATHS = (
					"$(inherited)",
					"@executable_path/Frameworks",
				);
				PRODUCT_BUNDLE_IDENTIFIER = com.ios.InstaQuoClient;
				PRODUCT_NAME = "$(TARGET_NAME)";
				SWIFT_VERSION = 5.0;
				TARGETED_DEVICE_FAMILY = "1,2";
			};
			name = Release;
		};
/* End XCBuildConfiguration section */

/* Begin XCConfigurationList section */
		367428D026B47A17007A451F /* Build configuration list for PBXProject "InstaQuoClient" */ = {
			isa = XCConfigurationList;
			buildConfigurations = (
				367428E226B47A1B007A451F /* Debug */,
				367428E326B47A1B007A451F /* Release */,
			);
			defaultConfigurationIsVisible = 0;
			defaultConfigurationName = Release;
		};
		367428E426B47A1B007A451F /* Build configuration list for PBXNativeTarget "InstaQuoClient" */ = {
			isa = XCConfigurationList;
			buildConfigurations = (
				367428E526B47A1B007A451F /* Debug */,
				367428E626B47A1B007A451F /* Release */,
			);
			defaultConfigurationIsVisible = 0;
			defaultConfigurationName = Release;
		};
/* End XCConfigurationList section */
	};
	rootObject = 367428CD26B47A17007A451F /* Project object */;
}
